// !$*UTF8*$!
{
	archiveVersion = 1;
	classes = {
	};
	objectVersion = 56;
	objects = {

/* Begin PBXBuildFile section */
		930CD0A0294E456500F58F30 /* StripTrailingWhitespaceCommand.swift in Sources */ = {isa = PBXBuildFile; fileRef = 930CD09F294E456500F58F30 /* StripTrailingWhitespaceCommand.swift */; };
		932F4D89294E49A900FA27CE /* AlignAroundEqualsCommand.swift in Sources */ = {isa = PBXBuildFile; fileRef = 932F4D88294E49A900FA27CE /* AlignAroundEqualsCommand.swift */; };
		932F4D8B294E4A8D00FA27CE /* FormatCodeForSharingCommand.swift in Sources */ = {isa = PBXBuildFile; fileRef = 932F4D8A294E4A8D00FA27CE /* FormatCodeForSharingCommand.swift */; };
		932F4D8D294E4DC400FA27CE /* AutoCreateExtensionMarksCommand.swift in Sources */ = {isa = PBXBuildFile; fileRef = 932F4D8C294E4DC400FA27CE /* AutoCreateExtensionMarksCommand.swift */; };
		932F4D8F294E504300FA27CE /* SearchInCommand.swift in Sources */ = {isa = PBXBuildFile; fileRef = 932F4D8E294E504300FA27CE /* SearchInCommand.swift */; };
		932F4D91294E538A00FA27CE /* WrapInIfDefCommand.swift in Sources */ = {isa = PBXBuildFile; fileRef = 932F4D90294E538A00FA27CE /* WrapInIfDefCommand.swift */; };
		93B28301294AEDD200364206 /* EditKitProApp.swift in Sources */ = {isa = PBXBuildFile; fileRef = 93B28300294AEDD200364206 /* EditKitProApp.swift */; };
		93B28303294AEDD200364206 /* ContentView.swift in Sources */ = {isa = PBXBuildFile; fileRef = 93B28302294AEDD200364206 /* ContentView.swift */; };
		93B28305294AEDD200364206 /* Assets.xcassets in Resources */ = {isa = PBXBuildFile; fileRef = 93B28304294AEDD200364206 /* Assets.xcassets */; };
		93B28308294AEDD200364206 /* Preview Assets.xcassets in Resources */ = {isa = PBXBuildFile; fileRef = 93B28307294AEDD200364206 /* Preview Assets.xcassets */; };
		93B28313294AEDD200364206 /* EditKitProTests.swift in Sources */ = {isa = PBXBuildFile; fileRef = 93B28312294AEDD200364206 /* EditKitProTests.swift */; };
		93B2831D294AEDD200364206 /* EditKitProUITests.swift in Sources */ = {isa = PBXBuildFile; fileRef = 93B2831C294AEDD200364206 /* EditKitProUITests.swift */; };
		93B2831F294AEDD200364206 /* EditKitProUITestsLaunchTests.swift in Sources */ = {isa = PBXBuildFile; fileRef = 93B2831E294AEDD200364206 /* EditKitProUITestsLaunchTests.swift */; };
		93B28332294AEDDD00364206 /* Cocoa.framework in Frameworks */ = {isa = PBXBuildFile; fileRef = 93B28331294AEDDD00364206 /* Cocoa.framework */; };
		93B28337294AEDDD00364206 /* SourceEditorExtension.swift in Sources */ = {isa = PBXBuildFile; fileRef = 93B28336294AEDDD00364206 /* SourceEditorExtension.swift */; };
		93B28339294AEDDD00364206 /* SourceEditorCommand.swift in Sources */ = {isa = PBXBuildFile; fileRef = 93B28338294AEDDD00364206 /* SourceEditorCommand.swift */; };
		93B2833E294AEDDD00364206 /* EditKit.appex in Embed Foundation Extensions */ = {isa = PBXBuildFile; fileRef = 93B2832F294AEDDD00364206 /* EditKit.appex */; settings = {ATTRIBUTES = (RemoveHeadersOnCopy, ); }; };
		93B28343294AEDE000364206 /* XcodeKit.framework in Frameworks */ = {isa = PBXBuildFile; fileRef = 93B28333294AEDDD00364206 /* XcodeKit.framework */; };
		93B28344294AEDE000364206 /* XcodeKit.framework in Embed Frameworks */ = {isa = PBXBuildFile; fileRef = 93B28333294AEDDD00364206 /* XcodeKit.framework */; settings = {ATTRIBUTES = (CodeSignOnCopy, RemoveHeadersOnCopy, ); }; };
		93B28347294AEE0200364206 /* EditorController.swift in Sources */ = {isa = PBXBuildFile; fileRef = 93B28346294AEE0200364206 /* EditorController.swift */; };
		93B2CF332975DA4E006E1A23 /* FormatAsMultiLine.swift in Sources */ = {isa = PBXBuildFile; fileRef = 93B2CF322975DA4E006E1A23 /* FormatAsMultiLine.swift */; };
		93B2CF362975FB52006E1A23 /* AutoMarkCommand.swift in Sources */ = {isa = PBXBuildFile; fileRef = 93B2CF352975FB52006E1A23 /* AutoMarkCommand.swift */; };
		93B2CF4B2976094D006E1A23 /* ConvertJSONToCodableCommand.swift in Sources */ = {isa = PBXBuildFile; fileRef = 93B2CF4A2976094D006E1A23 /* ConvertJSONToCodableCommand.swift */; };
		93B2CF6629760B6E006E1A23 /* NodeViewModel.swift in Sources */ = {isa = PBXBuildFile; fileRef = 93B2CF6529760B6E006E1A23 /* NodeViewModel.swift */; };
		93B2CF6929760B77006E1A23 /* Node.swift in Sources */ = {isa = PBXBuildFile; fileRef = 93B2CF6829760B77006E1A23 /* Node.swift */; };
		93B2CF6A29760B77006E1A23 /* Tree.swift in Sources */ = {isa = PBXBuildFile; fileRef = 93B2CF6729760B77006E1A23 /* Tree.swift */; };
		93B2CF6C29760B7A006E1A23 /* Copyable.swift in Sources */ = {isa = PBXBuildFile; fileRef = 93B2CF6B29760B7A006E1A23 /* Copyable.swift */; };
		93B2CF6F29760B83006E1A23 /* Primitive.swift in Sources */ = {isa = PBXBuildFile; fileRef = 93B2CF6E29760B83006E1A23 /* Primitive.swift */; };
		93B2CF7029760B83006E1A23 /* GeneratorType.swift in Sources */ = {isa = PBXBuildFile; fileRef = 93B2CF6D29760B83006E1A23 /* GeneratorType.swift */; };
		93B2CF7329760B8B006E1A23 /* KotlinTypeHandler.swift in Sources */ = {isa = PBXBuildFile; fileRef = 93B2CF7129760B8B006E1A23 /* KotlinTypeHandler.swift */; };
		93B2CF7429760B8B006E1A23 /* SwiftTypeHandler.swift in Sources */ = {isa = PBXBuildFile; fileRef = 93B2CF7229760B8B006E1A23 /* SwiftTypeHandler.swift */; };
		93B2CF7829760B94006E1A23 /* SwiftGenerator.swift in Sources */ = {isa = PBXBuildFile; fileRef = 93B2CF7529760B93006E1A23 /* SwiftGenerator.swift */; };
		93B2CF7929760B94006E1A23 /* KotlinGenerator.swift in Sources */ = {isa = PBXBuildFile; fileRef = 93B2CF7629760B93006E1A23 /* KotlinGenerator.swift */; };
		93B2CF7A29760B94006E1A23 /* StructGenerator.swift in Sources */ = {isa = PBXBuildFile; fileRef = 93B2CF7729760B94006E1A23 /* StructGenerator.swift */; };
		93B2CF8129760B9B006E1A23 /* String+Utils.swift in Sources */ = {isa = PBXBuildFile; fileRef = 93B2CF7E29760B9A006E1A23 /* String+Utils.swift */; };
		93B2CF8229760B9B006E1A23 /* DateFormatter+Types.swift in Sources */ = {isa = PBXBuildFile; fileRef = 93B2CF7B29760B9A006E1A23 /* DateFormatter+Types.swift */; };
		93B2CF8329760B9B006E1A23 /* Array+Utils.swift in Sources */ = {isa = PBXBuildFile; fileRef = 93B2CF8029760B9B006E1A23 /* Array+Utils.swift */; };
		93B2CF8429760B9B006E1A23 /* Dictionary+Utils.swift in Sources */ = {isa = PBXBuildFile; fileRef = 93B2CF7D29760B9A006E1A23 /* Dictionary+Utils.swift */; };
		93B2CF8529760B9B006E1A23 /* Data+Utils.swift in Sources */ = {isa = PBXBuildFile; fileRef = 93B2CF7C29760B9A006E1A23 /* Data+Utils.swift */; };
		93B2CF8629760B9B006E1A23 /* Tree+Debug.swift in Sources */ = {isa = PBXBuildFile; fileRef = 93B2CF7F29760B9B006E1A23 /* Tree+Debug.swift */; };
		93B2CF8D29761F0E006E1A23 /* BeautifyJSONCommand.swift in Sources */ = {isa = PBXBuildFile; fileRef = 93B2CF8C29761F0E006E1A23 /* BeautifyJSONCommand.swift */; };
		93B2CF8F29762854006E1A23 /* CreateTypeDefinitionCommand.swift in Sources */ = {isa = PBXBuildFile; fileRef = 93B2CF8E29762854006E1A23 /* CreateTypeDefinitionCommand.swift */; };
		93F9E0E2297525B2009E3B27 /* WrapInLocalizedStringCommand.swift in Sources */ = {isa = PBXBuildFile; fileRef = 93F9E0E1297525B2009E3B27 /* WrapInLocalizedStringCommand.swift */; };
/* End PBXBuildFile section */

/* Begin PBXContainerItemProxy section */
		93B2830F294AEDD200364206 /* PBXContainerItemProxy */ = {
			isa = PBXContainerItemProxy;
			containerPortal = 93B282F5294AEDD200364206 /* Project object */;
			proxyType = 1;
			remoteGlobalIDString = 93B282FC294AEDD200364206;
			remoteInfo = EditKitPro;
		};
		93B28319294AEDD200364206 /* PBXContainerItemProxy */ = {
			isa = PBXContainerItemProxy;
			containerPortal = 93B282F5294AEDD200364206 /* Project object */;
			proxyType = 1;
			remoteGlobalIDString = 93B282FC294AEDD200364206;
			remoteInfo = EditKitPro;
		};
		93B2833C294AEDDD00364206 /* PBXContainerItemProxy */ = {
			isa = PBXContainerItemProxy;
			containerPortal = 93B282F5294AEDD200364206 /* Project object */;
			proxyType = 1;
			remoteGlobalIDString = 93B2832E294AEDDD00364206;
			remoteInfo = EditKit;
		};
/* End PBXContainerItemProxy section */

/* Begin PBXCopyFilesBuildPhase section */
		93B28342294AEDDD00364206 /* Embed Foundation Extensions */ = {
			isa = PBXCopyFilesBuildPhase;
			buildActionMask = 2147483647;
			dstPath = "";
			dstSubfolderSpec = 13;
			files = (
				93B2833E294AEDDD00364206 /* EditKit.appex in Embed Foundation Extensions */,
			);
			name = "Embed Foundation Extensions";
			runOnlyForDeploymentPostprocessing = 0;
		};
		93B28345294AEDE000364206 /* Embed Frameworks */ = {
			isa = PBXCopyFilesBuildPhase;
			buildActionMask = 2147483647;
			dstPath = "";
			dstSubfolderSpec = 10;
			files = (
				93B28344294AEDE000364206 /* XcodeKit.framework in Embed Frameworks */,
			);
			name = "Embed Frameworks";
			runOnlyForDeploymentPostprocessing = 0;
		};
/* End PBXCopyFilesBuildPhase section */

/* Begin PBXFileReference section */
		930CD09F294E456500F58F30 /* StripTrailingWhitespaceCommand.swift */ = {isa = PBXFileReference; lastKnownFileType = sourcecode.swift; path = StripTrailingWhitespaceCommand.swift; sourceTree = "<group>"; };
		932F4D88294E49A900FA27CE /* AlignAroundEqualsCommand.swift */ = {isa = PBXFileReference; lastKnownFileType = sourcecode.swift; path = AlignAroundEqualsCommand.swift; sourceTree = "<group>"; };
		932F4D8A294E4A8D00FA27CE /* FormatCodeForSharingCommand.swift */ = {isa = PBXFileReference; lastKnownFileType = sourcecode.swift; path = FormatCodeForSharingCommand.swift; sourceTree = "<group>"; };
		932F4D8C294E4DC400FA27CE /* AutoCreateExtensionMarksCommand.swift */ = {isa = PBXFileReference; lastKnownFileType = sourcecode.swift; path = AutoCreateExtensionMarksCommand.swift; sourceTree = "<group>"; };
		932F4D8E294E504300FA27CE /* SearchInCommand.swift */ = {isa = PBXFileReference; lastKnownFileType = sourcecode.swift; path = SearchInCommand.swift; sourceTree = "<group>"; };
		932F4D90294E538A00FA27CE /* WrapInIfDefCommand.swift */ = {isa = PBXFileReference; lastKnownFileType = sourcecode.swift; path = WrapInIfDefCommand.swift; sourceTree = "<group>"; };
		93B282FD294AEDD200364206 /* EditKitPro.app */ = {isa = PBXFileReference; explicitFileType = wrapper.application; includeInIndex = 0; path = EditKitPro.app; sourceTree = BUILT_PRODUCTS_DIR; };
		93B28300294AEDD200364206 /* EditKitProApp.swift */ = {isa = PBXFileReference; lastKnownFileType = sourcecode.swift; path = EditKitProApp.swift; sourceTree = "<group>"; };
		93B28302294AEDD200364206 /* ContentView.swift */ = {isa = PBXFileReference; lastKnownFileType = sourcecode.swift; path = ContentView.swift; sourceTree = "<group>"; };
		93B28304294AEDD200364206 /* Assets.xcassets */ = {isa = PBXFileReference; lastKnownFileType = folder.assetcatalog; path = Assets.xcassets; sourceTree = "<group>"; };
		93B28307294AEDD200364206 /* Preview Assets.xcassets */ = {isa = PBXFileReference; lastKnownFileType = folder.assetcatalog; path = "Preview Assets.xcassets"; sourceTree = "<group>"; };
		93B28309294AEDD200364206 /* EditKitPro.entitlements */ = {isa = PBXFileReference; lastKnownFileType = text.plist.entitlements; path = EditKitPro.entitlements; sourceTree = "<group>"; };
		93B2830E294AEDD200364206 /* EditKitProTests.xctest */ = {isa = PBXFileReference; explicitFileType = wrapper.cfbundle; includeInIndex = 0; path = EditKitProTests.xctest; sourceTree = BUILT_PRODUCTS_DIR; };
		93B28312294AEDD200364206 /* EditKitProTests.swift */ = {isa = PBXFileReference; lastKnownFileType = sourcecode.swift; path = EditKitProTests.swift; sourceTree = "<group>"; };
		93B28318294AEDD200364206 /* EditKitProUITests.xctest */ = {isa = PBXFileReference; explicitFileType = wrapper.cfbundle; includeInIndex = 0; path = EditKitProUITests.xctest; sourceTree = BUILT_PRODUCTS_DIR; };
		93B2831C294AEDD200364206 /* EditKitProUITests.swift */ = {isa = PBXFileReference; lastKnownFileType = sourcecode.swift; path = EditKitProUITests.swift; sourceTree = "<group>"; };
		93B2831E294AEDD200364206 /* EditKitProUITestsLaunchTests.swift */ = {isa = PBXFileReference; lastKnownFileType = sourcecode.swift; path = EditKitProUITestsLaunchTests.swift; sourceTree = "<group>"; };
		93B2832F294AEDDD00364206 /* EditKit.appex */ = {isa = PBXFileReference; explicitFileType = "wrapper.app-extension"; includeInIndex = 0; path = EditKit.appex; sourceTree = BUILT_PRODUCTS_DIR; };
		93B28331294AEDDD00364206 /* Cocoa.framework */ = {isa = PBXFileReference; lastKnownFileType = wrapper.framework; name = Cocoa.framework; path = System/Library/Frameworks/Cocoa.framework; sourceTree = SDKROOT; };
		93B28333294AEDDD00364206 /* XcodeKit.framework */ = {isa = PBXFileReference; lastKnownFileType = wrapper.framework; name = XcodeKit.framework; path = Library/Frameworks/XcodeKit.framework; sourceTree = DEVELOPER_DIR; };
		93B28336294AEDDD00364206 /* SourceEditorExtension.swift */ = {isa = PBXFileReference; lastKnownFileType = sourcecode.swift; path = SourceEditorExtension.swift; sourceTree = "<group>"; };
		93B28338294AEDDD00364206 /* SourceEditorCommand.swift */ = {isa = PBXFileReference; lastKnownFileType = sourcecode.swift; path = SourceEditorCommand.swift; sourceTree = "<group>"; };
		93B2833A294AEDDD00364206 /* Info.plist */ = {isa = PBXFileReference; lastKnownFileType = text.plist.xml; path = Info.plist; sourceTree = "<group>"; };
		93B2833B294AEDDD00364206 /* EditKit.entitlements */ = {isa = PBXFileReference; lastKnownFileType = text.plist.entitlements; path = EditKit.entitlements; sourceTree = "<group>"; };
		93B28346294AEE0200364206 /* EditorController.swift */ = {isa = PBXFileReference; lastKnownFileType = sourcecode.swift; path = EditorController.swift; sourceTree = "<group>"; };
		93B2CF322975DA4E006E1A23 /* FormatAsMultiLine.swift */ = {isa = PBXFileReference; lastKnownFileType = sourcecode.swift; path = FormatAsMultiLine.swift; sourceTree = "<group>"; };
		93B2CF352975FB52006E1A23 /* AutoMarkCommand.swift */ = {isa = PBXFileReference; lastKnownFileType = sourcecode.swift; path = AutoMarkCommand.swift; sourceTree = "<group>"; };
		93B2CF4A2976094D006E1A23 /* ConvertJSONToCodableCommand.swift */ = {isa = PBXFileReference; fileEncoding = 4; lastKnownFileType = sourcecode.swift; path = ConvertJSONToCodableCommand.swift; sourceTree = "<group>"; };
		93B2CF6529760B6E006E1A23 /* NodeViewModel.swift */ = {isa = PBXFileReference; lastKnownFileType = sourcecode.swift; path = NodeViewModel.swift; sourceTree = "<group>"; };
		93B2CF6729760B77006E1A23 /* Tree.swift */ = {isa = PBXFileReference; lastKnownFileType = sourcecode.swift; path = Tree.swift; sourceTree = "<group>"; };
		93B2CF6829760B77006E1A23 /* Node.swift */ = {isa = PBXFileReference; lastKnownFileType = sourcecode.swift; path = Node.swift; sourceTree = "<group>"; };
		93B2CF6B29760B7A006E1A23 /* Copyable.swift */ = {isa = PBXFileReference; lastKnownFileType = sourcecode.swift; path = Copyable.swift; sourceTree = "<group>"; };
		93B2CF6D29760B83006E1A23 /* GeneratorType.swift */ = {isa = PBXFileReference; lastKnownFileType = sourcecode.swift; path = GeneratorType.swift; sourceTree = "<group>"; };
		93B2CF6E29760B83006E1A23 /* Primitive.swift */ = {isa = PBXFileReference; lastKnownFileType = sourcecode.swift; path = Primitive.swift; sourceTree = "<group>"; };
		93B2CF7129760B8B006E1A23 /* KotlinTypeHandler.swift */ = {isa = PBXFileReference; lastKnownFileType = sourcecode.swift; path = KotlinTypeHandler.swift; sourceTree = "<group>"; };
		93B2CF7229760B8B006E1A23 /* SwiftTypeHandler.swift */ = {isa = PBXFileReference; lastKnownFileType = sourcecode.swift; path = SwiftTypeHandler.swift; sourceTree = "<group>"; };
		93B2CF7529760B93006E1A23 /* SwiftGenerator.swift */ = {isa = PBXFileReference; lastKnownFileType = sourcecode.swift; path = SwiftGenerator.swift; sourceTree = "<group>"; };
		93B2CF7629760B93006E1A23 /* KotlinGenerator.swift */ = {isa = PBXFileReference; lastKnownFileType = sourcecode.swift; path = KotlinGenerator.swift; sourceTree = "<group>"; };
		93B2CF7729760B94006E1A23 /* StructGenerator.swift */ = {isa = PBXFileReference; lastKnownFileType = sourcecode.swift; path = StructGenerator.swift; sourceTree = "<group>"; };
		93B2CF7B29760B9A006E1A23 /* DateFormatter+Types.swift */ = {isa = PBXFileReference; lastKnownFileType = sourcecode.swift; path = "DateFormatter+Types.swift"; sourceTree = "<group>"; };
		93B2CF7C29760B9A006E1A23 /* Data+Utils.swift */ = {isa = PBXFileReference; lastKnownFileType = sourcecode.swift; path = "Data+Utils.swift"; sourceTree = "<group>"; };
		93B2CF7D29760B9A006E1A23 /* Dictionary+Utils.swift */ = {isa = PBXFileReference; lastKnownFileType = sourcecode.swift; path = "Dictionary+Utils.swift"; sourceTree = "<group>"; };
		93B2CF7E29760B9A006E1A23 /* String+Utils.swift */ = {isa = PBXFileReference; lastKnownFileType = sourcecode.swift; path = "String+Utils.swift"; sourceTree = "<group>"; };
		93B2CF7F29760B9B006E1A23 /* Tree+Debug.swift */ = {isa = PBXFileReference; lastKnownFileType = sourcecode.swift; path = "Tree+Debug.swift"; sourceTree = "<group>"; };
		93B2CF8029760B9B006E1A23 /* Array+Utils.swift */ = {isa = PBXFileReference; lastKnownFileType = sourcecode.swift; path = "Array+Utils.swift"; sourceTree = "<group>"; };
		93B2CF8C29761F0E006E1A23 /* BeautifyJSONCommand.swift */ = {isa = PBXFileReference; lastKnownFileType = sourcecode.swift; path = BeautifyJSONCommand.swift; sourceTree = "<group>"; };
		93B2CF8E29762854006E1A23 /* CreateTypeDefinitionCommand.swift */ = {isa = PBXFileReference; lastKnownFileType = sourcecode.swift; path = CreateTypeDefinitionCommand.swift; sourceTree = "<group>"; };
		93F9E0E1297525B2009E3B27 /* WrapInLocalizedStringCommand.swift */ = {isa = PBXFileReference; lastKnownFileType = sourcecode.swift; path = WrapInLocalizedStringCommand.swift; sourceTree = "<group>"; };
/* End PBXFileReference section */

/* Begin PBXFrameworksBuildPhase section */
		93B282FA294AEDD200364206 /* Frameworks */ = {
			isa = PBXFrameworksBuildPhase;
			buildActionMask = 2147483647;
			files = (
			);
			runOnlyForDeploymentPostprocessing = 0;
		};
		93B2830B294AEDD200364206 /* Frameworks */ = {
			isa = PBXFrameworksBuildPhase;
			buildActionMask = 2147483647;
			files = (
			);
			runOnlyForDeploymentPostprocessing = 0;
		};
		93B28315294AEDD200364206 /* Frameworks */ = {
			isa = PBXFrameworksBuildPhase;
			buildActionMask = 2147483647;
			files = (
			);
			runOnlyForDeploymentPostprocessing = 0;
		};
		93B2832C294AEDDD00364206 /* Frameworks */ = {
			isa = PBXFrameworksBuildPhase;
			buildActionMask = 2147483647;
			files = (
				93B28332294AEDDD00364206 /* Cocoa.framework in Frameworks */,
				93B28343294AEDE000364206 /* XcodeKit.framework in Frameworks */,
			);
			runOnlyForDeploymentPostprocessing = 0;
		};
/* End PBXFrameworksBuildPhase section */

/* Begin PBXGroup section */
		93B282F4294AEDD200364206 = {
			isa = PBXGroup;
			children = (
				93B282FF294AEDD200364206 /* EditKitPro */,
				93B28311294AEDD200364206 /* EditKitProTests */,
				93B2831B294AEDD200364206 /* EditKitProUITests */,
				93B28335294AEDDD00364206 /* EditKit */,
				93B28330294AEDDD00364206 /* Frameworks */,
				93B282FE294AEDD200364206 /* Products */,
			);
			sourceTree = "<group>";
		};
		93B282FE294AEDD200364206 /* Products */ = {
			isa = PBXGroup;
			children = (
				93B282FD294AEDD200364206 /* EditKitPro.app */,
				93B2830E294AEDD200364206 /* EditKitProTests.xctest */,
				93B28318294AEDD200364206 /* EditKitProUITests.xctest */,
				93B2832F294AEDDD00364206 /* EditKit.appex */,
			);
			name = Products;
			sourceTree = "<group>";
		};
		93B282FF294AEDD200364206 /* EditKitPro */ = {
			isa = PBXGroup;
			children = (
				93B28300294AEDD200364206 /* EditKitProApp.swift */,
				93B28302294AEDD200364206 /* ContentView.swift */,
				93B28304294AEDD200364206 /* Assets.xcassets */,
				93B28309294AEDD200364206 /* EditKitPro.entitlements */,
				93B28306294AEDD200364206 /* Preview Content */,
			);
			path = EditKitPro;
			sourceTree = "<group>";
		};
		93B28306294AEDD200364206 /* Preview Content */ = {
			isa = PBXGroup;
			children = (
				93B28307294AEDD200364206 /* Preview Assets.xcassets */,
			);
			path = "Preview Content";
			sourceTree = "<group>";
		};
		93B28311294AEDD200364206 /* EditKitProTests */ = {
			isa = PBXGroup;
			children = (
				93B28312294AEDD200364206 /* EditKitProTests.swift */,
			);
			path = EditKitProTests;
			sourceTree = "<group>";
		};
		93B2831B294AEDD200364206 /* EditKitProUITests */ = {
			isa = PBXGroup;
			children = (
				93B2831C294AEDD200364206 /* EditKitProUITests.swift */,
				93B2831E294AEDD200364206 /* EditKitProUITestsLaunchTests.swift */,
			);
			path = EditKitProUITests;
			sourceTree = "<group>";
		};
		93B28330294AEDDD00364206 /* Frameworks */ = {
			isa = PBXGroup;
			children = (
				93B28331294AEDDD00364206 /* Cocoa.framework */,
				93B28333294AEDDD00364206 /* XcodeKit.framework */,
			);
			name = Frameworks;
			sourceTree = "<group>";
		};
		93B28335294AEDDD00364206 /* EditKit */ = {
			isa = PBXGroup;
			children = (
				93B28336294AEDDD00364206 /* SourceEditorExtension.swift */,
				93B28338294AEDDD00364206 /* SourceEditorCommand.swift */,
				93B28346294AEE0200364206 /* EditorController.swift */,
				930CD09F294E456500F58F30 /* StripTrailingWhitespaceCommand.swift */,
				93B2CF37297603DF006E1A23 /* Vendor */,
				93B2CF342975E291006E1A23 /* Mine */,
				932F4D8A294E4A8D00FA27CE /* FormatCodeForSharingCommand.swift */,
				93B2CF322975DA4E006E1A23 /* FormatAsMultiLine.swift */,
				932F4D8C294E4DC400FA27CE /* AutoCreateExtensionMarksCommand.swift */,
				932F4D8E294E504300FA27CE /* SearchInCommand.swift */,
				932F4D90294E538A00FA27CE /* WrapInIfDefCommand.swift */,
				93B2CF352975FB52006E1A23 /* AutoMarkCommand.swift */,
				93B2CF8E29762854006E1A23 /* CreateTypeDefinitionCommand.swift */,
				93B2833B294AEDDD00364206 /* EditKit.entitlements */,
				93B2833A294AEDDD00364206 /* Info.plist */,
			);
			path = EditKit;
			sourceTree = "<group>";
		};
		93B2CF342975E291006E1A23 /* Mine */ = {
			isa = PBXGroup;
			children = (
				93F9E0E1297525B2009E3B27 /* WrapInLocalizedStringCommand.swift */,
				932F4D88294E49A900FA27CE /* AlignAroundEqualsCommand.swift */,
				93B2CF8C29761F0E006E1A23 /* BeautifyJSONCommand.swift */,
			);
			path = Mine;
			sourceTree = "<group>";
		};
		93B2CF37297603DF006E1A23 /* Vendor */ = {
			isa = PBXGroup;
			children = (
				93B2CF562976096D006E1A23 /* JSON to Codable */,
			);
			path = Vendor;
			sourceTree = "<group>";
		};
		93B2CF562976096D006E1A23 /* JSON to Codable */ = {
			isa = PBXGroup;
			children = (
				93B2CF4A2976094D006E1A23 /* ConvertJSONToCodableCommand.swift */,
				93B2CF6529760B6E006E1A23 /* NodeViewModel.swift */,
				93B2CF6829760B77006E1A23 /* Node.swift */,
				93B2CF6729760B77006E1A23 /* Tree.swift */,
				93B2CF6B29760B7A006E1A23 /* Copyable.swift */,
				93B2CF6D29760B83006E1A23 /* GeneratorType.swift */,
				93B2CF6E29760B83006E1A23 /* Primitive.swift */,
				93B2CF7129760B8B006E1A23 /* KotlinTypeHandler.swift */,
				93B2CF7229760B8B006E1A23 /* SwiftTypeHandler.swift */,
				93B2CF7629760B93006E1A23 /* KotlinGenerator.swift */,
				93B2CF7529760B93006E1A23 /* SwiftGenerator.swift */,
				93B2CF7729760B94006E1A23 /* StructGenerator.swift */,
				93B2CF8029760B9B006E1A23 /* Array+Utils.swift */,
				93B2CF7C29760B9A006E1A23 /* Data+Utils.swift */,
				93B2CF7B29760B9A006E1A23 /* DateFormatter+Types.swift */,
				93B2CF7D29760B9A006E1A23 /* Dictionary+Utils.swift */,
				93B2CF7E29760B9A006E1A23 /* String+Utils.swift */,
				93B2CF7F29760B9B006E1A23 /* Tree+Debug.swift */,
			);
			path = "JSON to Codable";
			sourceTree = "<group>";
		};
/* End PBXGroup section */

/* Begin PBXNativeTarget section */
		93B282FC294AEDD200364206 /* EditKitPro */ = {
			isa = PBXNativeTarget;
			buildConfigurationList = 93B28322294AEDD200364206 /* Build configuration list for PBXNativeTarget "EditKitPro" */;
			buildPhases = (
				93B282F9294AEDD200364206 /* Sources */,
				93B282FA294AEDD200364206 /* Frameworks */,
				93B282FB294AEDD200364206 /* Resources */,
				93B28342294AEDDD00364206 /* Embed Foundation Extensions */,
			);
			buildRules = (
			);
			dependencies = (
				93B2833D294AEDDD00364206 /* PBXTargetDependency */,
			);
			name = EditKitPro;
			productName = EditKitPro;
			productReference = 93B282FD294AEDD200364206 /* EditKitPro.app */;
			productType = "com.apple.product-type.application";
		};
		93B2830D294AEDD200364206 /* EditKitProTests */ = {
			isa = PBXNativeTarget;
			buildConfigurationList = 93B28325294AEDD200364206 /* Build configuration list for PBXNativeTarget "EditKitProTests" */;
			buildPhases = (
				93B2830A294AEDD200364206 /* Sources */,
				93B2830B294AEDD200364206 /* Frameworks */,
				93B2830C294AEDD200364206 /* Resources */,
			);
			buildRules = (
			);
			dependencies = (
				93B28310294AEDD200364206 /* PBXTargetDependency */,
			);
			name = EditKitProTests;
			productName = EditKitProTests;
			productReference = 93B2830E294AEDD200364206 /* EditKitProTests.xctest */;
			productType = "com.apple.product-type.bundle.unit-test";
		};
		93B28317294AEDD200364206 /* EditKitProUITests */ = {
			isa = PBXNativeTarget;
			buildConfigurationList = 93B28328294AEDD200364206 /* Build configuration list for PBXNativeTarget "EditKitProUITests" */;
			buildPhases = (
				93B28314294AEDD200364206 /* Sources */,
				93B28315294AEDD200364206 /* Frameworks */,
				93B28316294AEDD200364206 /* Resources */,
			);
			buildRules = (
			);
			dependencies = (
				93B2831A294AEDD200364206 /* PBXTargetDependency */,
			);
			name = EditKitProUITests;
			productName = EditKitProUITests;
			productReference = 93B28318294AEDD200364206 /* EditKitProUITests.xctest */;
			productType = "com.apple.product-type.bundle.ui-testing";
		};
		93B2832E294AEDDD00364206 /* EditKit */ = {
			isa = PBXNativeTarget;
			buildConfigurationList = 93B2833F294AEDDD00364206 /* Build configuration list for PBXNativeTarget "EditKit" */;
			buildPhases = (
				93B2832B294AEDDD00364206 /* Sources */,
				93B2832C294AEDDD00364206 /* Frameworks */,
				93B2832D294AEDDD00364206 /* Resources */,
				93B28345294AEDE000364206 /* Embed Frameworks */,
			);
			buildRules = (
			);
			dependencies = (
			);
			name = EditKit;
			productName = EditKit;
			productReference = 93B2832F294AEDDD00364206 /* EditKit.appex */;
			productType = "com.apple.product-type.xcode-extension";
		};
/* End PBXNativeTarget section */

/* Begin PBXProject section */
		93B282F5294AEDD200364206 /* Project object */ = {
			isa = PBXProject;
			attributes = {
				BuildIndependentTargetsInParallel = 1;
				LastSwiftUpdateCheck = 1410;
				LastUpgradeCheck = 1410;
				TargetAttributes = {
					93B282FC294AEDD200364206 = {
						CreatedOnToolsVersion = 14.1;
					};
					93B2830D294AEDD200364206 = {
						CreatedOnToolsVersion = 14.1;
						TestTargetID = 93B282FC294AEDD200364206;
					};
					93B28317294AEDD200364206 = {
						CreatedOnToolsVersion = 14.1;
						TestTargetID = 93B282FC294AEDD200364206;
					};
					93B2832E294AEDDD00364206 = {
						CreatedOnToolsVersion = 14.1;
					};
				};
			};
			buildConfigurationList = 93B282F8294AEDD200364206 /* Build configuration list for PBXProject "EditKitPro" */;
			compatibilityVersion = "Xcode 14.0";
			developmentRegion = en;
			hasScannedForEncodings = 0;
			knownRegions = (
				en,
				Base,
			);
			mainGroup = 93B282F4294AEDD200364206;
			productRefGroup = 93B282FE294AEDD200364206 /* Products */;
			projectDirPath = "";
			projectRoot = "";
			targets = (
				93B282FC294AEDD200364206 /* EditKitPro */,
				93B2830D294AEDD200364206 /* EditKitProTests */,
				93B28317294AEDD200364206 /* EditKitProUITests */,
				93B2832E294AEDDD00364206 /* EditKit */,
			);
		};
/* End PBXProject section */

/* Begin PBXResourcesBuildPhase section */
		93B282FB294AEDD200364206 /* Resources */ = {
			isa = PBXResourcesBuildPhase;
			buildActionMask = 2147483647;
			files = (
				93B28308294AEDD200364206 /* Preview Assets.xcassets in Resources */,
				93B28305294AEDD200364206 /* Assets.xcassets in Resources */,
			);
			runOnlyForDeploymentPostprocessing = 0;
		};
		93B2830C294AEDD200364206 /* Resources */ = {
			isa = PBXResourcesBuildPhase;
			buildActionMask = 2147483647;
			files = (
			);
			runOnlyForDeploymentPostprocessing = 0;
		};
		93B28316294AEDD200364206 /* Resources */ = {
			isa = PBXResourcesBuildPhase;
			buildActionMask = 2147483647;
			files = (
			);
			runOnlyForDeploymentPostprocessing = 0;
		};
		93B2832D294AEDDD00364206 /* Resources */ = {
			isa = PBXResourcesBuildPhase;
			buildActionMask = 2147483647;
			files = (
			);
			runOnlyForDeploymentPostprocessing = 0;
		};
/* End PBXResourcesBuildPhase section */

/* Begin PBXSourcesBuildPhase section */
		93B282F9294AEDD200364206 /* Sources */ = {
			isa = PBXSourcesBuildPhase;
			buildActionMask = 2147483647;
			files = (
				93B28303294AEDD200364206 /* ContentView.swift in Sources */,
				93B28301294AEDD200364206 /* EditKitProApp.swift in Sources */,
			);
			runOnlyForDeploymentPostprocessing = 0;
		};
		93B2830A294AEDD200364206 /* Sources */ = {
			isa = PBXSourcesBuildPhase;
			buildActionMask = 2147483647;
			files = (
				93B28313294AEDD200364206 /* EditKitProTests.swift in Sources */,
			);
			runOnlyForDeploymentPostprocessing = 0;
		};
		93B28314294AEDD200364206 /* Sources */ = {
			isa = PBXSourcesBuildPhase;
			buildActionMask = 2147483647;
			files = (
				93B2831D294AEDD200364206 /* EditKitProUITests.swift in Sources */,
				93B2831F294AEDD200364206 /* EditKitProUITestsLaunchTests.swift in Sources */,
			);
			runOnlyForDeploymentPostprocessing = 0;
		};
		93B2832B294AEDDD00364206 /* Sources */ = {
			isa = PBXSourcesBuildPhase;
			buildActionMask = 2147483647;
			files = (
				93B2CF6629760B6E006E1A23 /* NodeViewModel.swift in Sources */,
				93B2CF4B2976094D006E1A23 /* ConvertJSONToCodableCommand.swift in Sources */,
				93B28337294AEDDD00364206 /* SourceEditorExtension.swift in Sources */,
				932F4D8D294E4DC400FA27CE /* AutoCreateExtensionMarksCommand.swift in Sources */,
				93B2CF6C29760B7A006E1A23 /* Copyable.swift in Sources */,
				93B2CF332975DA4E006E1A23 /* FormatAsMultiLine.swift in Sources */,
				93B2CF6A29760B77006E1A23 /* Tree.swift in Sources */,
				93B2CF8429760B9B006E1A23 /* Dictionary+Utils.swift in Sources */,
				93B2CF8D29761F0E006E1A23 /* BeautifyJSONCommand.swift in Sources */,
				93B2CF7929760B94006E1A23 /* KotlinGenerator.swift in Sources */,
				93B2CF7329760B8B006E1A23 /* KotlinTypeHandler.swift in Sources */,
				93B2CF362975FB52006E1A23 /* AutoMarkCommand.swift in Sources */,
				93B2CF7429760B8B006E1A23 /* SwiftTypeHandler.swift in Sources */,
				93B2CF7029760B83006E1A23 /* GeneratorType.swift in Sources */,
				93B2CF8F29762854006E1A23 /* CreateTypeDefinitionCommand.swift in Sources */,
				93B2CF7A29760B94006E1A23 /* StructGenerator.swift in Sources */,
				93B2CF6929760B77006E1A23 /* Node.swift in Sources */,
				932F4D91294E538A00FA27CE /* WrapInIfDefCommand.swift in Sources */,
				93B2CF8129760B9B006E1A23 /* String+Utils.swift in Sources */,
				93B2CF8629760B9B006E1A23 /* Tree+Debug.swift in Sources */,
				93B28347294AEE0200364206 /* EditorController.swift in Sources */,
				932F4D8B294E4A8D00FA27CE /* FormatCodeForSharingCommand.swift in Sources */,
				93B2CF8229760B9B006E1A23 /* DateFormatter+Types.swift in Sources */,
				93B2CF8329760B9B006E1A23 /* Array+Utils.swift in Sources */,
				932F4D8F294E504300FA27CE /* SearchInCommand.swift in Sources */,
				93B2CF6F29760B83006E1A23 /* Primitive.swift in Sources */,
				93B2CF7829760B94006E1A23 /* SwiftGenerator.swift in Sources */,
				932F4D89294E49A900FA27CE /* AlignAroundEqualsCommand.swift in Sources */,
				93B2CF8529760B9B006E1A23 /* Data+Utils.swift in Sources */,
				93F9E0E2297525B2009E3B27 /* WrapInLocalizedStringCommand.swift in Sources */,
				93B28339294AEDDD00364206 /* SourceEditorCommand.swift in Sources */,
				930CD0A0294E456500F58F30 /* StripTrailingWhitespaceCommand.swift in Sources */,
			);
			runOnlyForDeploymentPostprocessing = 0;
		};
/* End PBXSourcesBuildPhase section */

/* Begin PBXTargetDependency section */
		93B28310294AEDD200364206 /* PBXTargetDependency */ = {
			isa = PBXTargetDependency;
			target = 93B282FC294AEDD200364206 /* EditKitPro */;
			targetProxy = 93B2830F294AEDD200364206 /* PBXContainerItemProxy */;
		};
		93B2831A294AEDD200364206 /* PBXTargetDependency */ = {
			isa = PBXTargetDependency;
			target = 93B282FC294AEDD200364206 /* EditKitPro */;
			targetProxy = 93B28319294AEDD200364206 /* PBXContainerItemProxy */;
		};
		93B2833D294AEDDD00364206 /* PBXTargetDependency */ = {
			isa = PBXTargetDependency;
			target = 93B2832E294AEDDD00364206 /* EditKit */;
			targetProxy = 93B2833C294AEDDD00364206 /* PBXContainerItemProxy */;
		};
/* End PBXTargetDependency section */

/* Begin XCBuildConfiguration section */
		93B28320294AEDD200364206 /* Debug */ = {
			isa = XCBuildConfiguration;
			buildSettings = {
				ALWAYS_SEARCH_USER_PATHS = NO;
				CLANG_ANALYZER_NONNULL = YES;
				CLANG_ANALYZER_NUMBER_OBJECT_CONVERSION = YES_AGGRESSIVE;
				CLANG_CXX_LANGUAGE_STANDARD = "gnu++20";
				CLANG_ENABLE_MODULES = YES;
				CLANG_ENABLE_OBJC_ARC = YES;
				CLANG_ENABLE_OBJC_WEAK = YES;
				CLANG_WARN_BLOCK_CAPTURE_AUTORELEASING = YES;
				CLANG_WARN_BOOL_CONVERSION = YES;
				CLANG_WARN_COMMA = YES;
				CLANG_WARN_CONSTANT_CONVERSION = YES;
				CLANG_WARN_DEPRECATED_OBJC_IMPLEMENTATIONS = YES;
				CLANG_WARN_DIRECT_OBJC_ISA_USAGE = YES_ERROR;
				CLANG_WARN_DOCUMENTATION_COMMENTS = YES;
				CLANG_WARN_EMPTY_BODY = YES;
				CLANG_WARN_ENUM_CONVERSION = YES;
				CLANG_WARN_INFINITE_RECURSION = YES;
				CLANG_WARN_INT_CONVERSION = YES;
				CLANG_WARN_NON_LITERAL_NULL_CONVERSION = YES;
				CLANG_WARN_OBJC_IMPLICIT_RETAIN_SELF = YES;
				CLANG_WARN_OBJC_LITERAL_CONVERSION = YES;
				CLANG_WARN_OBJC_ROOT_CLASS = YES_ERROR;
				CLANG_WARN_QUOTED_INCLUDE_IN_FRAMEWORK_HEADER = YES;
				CLANG_WARN_RANGE_LOOP_ANALYSIS = YES;
				CLANG_WARN_STRICT_PROTOTYPES = YES;
				CLANG_WARN_SUSPICIOUS_MOVE = YES;
				CLANG_WARN_UNGUARDED_AVAILABILITY = YES_AGGRESSIVE;
				CLANG_WARN_UNREACHABLE_CODE = YES;
				CLANG_WARN__DUPLICATE_METHOD_MATCH = YES;
				COPY_PHASE_STRIP = NO;
				DEBUG_INFORMATION_FORMAT = dwarf;
				ENABLE_STRICT_OBJC_MSGSEND = YES;
				ENABLE_TESTABILITY = YES;
				GCC_C_LANGUAGE_STANDARD = gnu11;
				GCC_DYNAMIC_NO_PIC = NO;
				GCC_NO_COMMON_BLOCKS = YES;
				GCC_OPTIMIZATION_LEVEL = 0;
				GCC_PREPROCESSOR_DEFINITIONS = (
					"DEBUG=1",
					"$(inherited)",
				);
				GCC_WARN_64_TO_32_BIT_CONVERSION = YES;
				GCC_WARN_ABOUT_RETURN_TYPE = YES_ERROR;
				GCC_WARN_UNDECLARED_SELECTOR = YES;
				GCC_WARN_UNINITIALIZED_AUTOS = YES_AGGRESSIVE;
				GCC_WARN_UNUSED_FUNCTION = YES;
				GCC_WARN_UNUSED_VARIABLE = YES;
				MACOSX_DEPLOYMENT_TARGET = 12.6;
				MTL_ENABLE_DEBUG_INFO = INCLUDE_SOURCE;
				MTL_FAST_MATH = YES;
				ONLY_ACTIVE_ARCH = YES;
				SDKROOT = macosx;
				SWIFT_ACTIVE_COMPILATION_CONDITIONS = DEBUG;
				SWIFT_OPTIMIZATION_LEVEL = "-Onone";
			};
			name = Debug;
		};
		93B28321294AEDD200364206 /* Release */ = {
			isa = XCBuildConfiguration;
			buildSettings = {
				ALWAYS_SEARCH_USER_PATHS = NO;
				CLANG_ANALYZER_NONNULL = YES;
				CLANG_ANALYZER_NUMBER_OBJECT_CONVERSION = YES_AGGRESSIVE;
				CLANG_CXX_LANGUAGE_STANDARD = "gnu++20";
				CLANG_ENABLE_MODULES = YES;
				CLANG_ENABLE_OBJC_ARC = YES;
				CLANG_ENABLE_OBJC_WEAK = YES;
				CLANG_WARN_BLOCK_CAPTURE_AUTORELEASING = YES;
				CLANG_WARN_BOOL_CONVERSION = YES;
				CLANG_WARN_COMMA = YES;
				CLANG_WARN_CONSTANT_CONVERSION = YES;
				CLANG_WARN_DEPRECATED_OBJC_IMPLEMENTATIONS = YES;
				CLANG_WARN_DIRECT_OBJC_ISA_USAGE = YES_ERROR;
				CLANG_WARN_DOCUMENTATION_COMMENTS = YES;
				CLANG_WARN_EMPTY_BODY = YES;
				CLANG_WARN_ENUM_CONVERSION = YES;
				CLANG_WARN_INFINITE_RECURSION = YES;
				CLANG_WARN_INT_CONVERSION = YES;
				CLANG_WARN_NON_LITERAL_NULL_CONVERSION = YES;
				CLANG_WARN_OBJC_IMPLICIT_RETAIN_SELF = YES;
				CLANG_WARN_OBJC_LITERAL_CONVERSION = YES;
				CLANG_WARN_OBJC_ROOT_CLASS = YES_ERROR;
				CLANG_WARN_QUOTED_INCLUDE_IN_FRAMEWORK_HEADER = YES;
				CLANG_WARN_RANGE_LOOP_ANALYSIS = YES;
				CLANG_WARN_STRICT_PROTOTYPES = YES;
				CLANG_WARN_SUSPICIOUS_MOVE = YES;
				CLANG_WARN_UNGUARDED_AVAILABILITY = YES_AGGRESSIVE;
				CLANG_WARN_UNREACHABLE_CODE = YES;
				CLANG_WARN__DUPLICATE_METHOD_MATCH = YES;
				COPY_PHASE_STRIP = NO;
				DEBUG_INFORMATION_FORMAT = "dwarf-with-dsym";
				ENABLE_NS_ASSERTIONS = NO;
				ENABLE_STRICT_OBJC_MSGSEND = YES;
				GCC_C_LANGUAGE_STANDARD = gnu11;
				GCC_NO_COMMON_BLOCKS = YES;
				GCC_WARN_64_TO_32_BIT_CONVERSION = YES;
				GCC_WARN_ABOUT_RETURN_TYPE = YES_ERROR;
				GCC_WARN_UNDECLARED_SELECTOR = YES;
				GCC_WARN_UNINITIALIZED_AUTOS = YES_AGGRESSIVE;
				GCC_WARN_UNUSED_FUNCTION = YES;
				GCC_WARN_UNUSED_VARIABLE = YES;
				MACOSX_DEPLOYMENT_TARGET = 12.6;
				MTL_ENABLE_DEBUG_INFO = NO;
				MTL_FAST_MATH = YES;
				SDKROOT = macosx;
				SWIFT_COMPILATION_MODE = wholemodule;
				SWIFT_OPTIMIZATION_LEVEL = "-O";
			};
			name = Release;
		};
		93B28323294AEDD200364206 /* Debug */ = {
			isa = XCBuildConfiguration;
			buildSettings = {
				ALWAYS_EMBED_SWIFT_STANDARD_LIBRARIES = YES;
				ASSETCATALOG_COMPILER_APPICON_NAME = AppIcon;
				ASSETCATALOG_COMPILER_GLOBAL_ACCENT_COLOR_NAME = AccentColor;
				CODE_SIGN_ENTITLEMENTS = EditKitPro/EditKitPro.entitlements;
				CODE_SIGN_STYLE = Automatic;
				COMBINE_HIDPI_IMAGES = YES;
				CURRENT_PROJECT_VERSION = 1;
				DEVELOPMENT_ASSET_PATHS = "\"EditKitPro/Preview Content\"";
				DEVELOPMENT_TEAM = W735WRNN72;
				ENABLE_HARDENED_RUNTIME = YES;
				ENABLE_PREVIEWS = YES;
				GENERATE_INFOPLIST_FILE = YES;
				INFOPLIST_KEY_LSApplicationCategoryType = "public.app-category.developer-tools";
				INFOPLIST_KEY_NSHumanReadableCopyright = "";
				LD_RUNPATH_SEARCH_PATHS = (
					"$(inherited)",
					"@executable_path/../Frameworks",
				);
				MARKETING_VERSION = 1.0;
				PRODUCT_BUNDLE_IDENTIFIER = com.AryamanSharda.EditKitPro;
				PRODUCT_NAME = "$(TARGET_NAME)";
				SWIFT_EMIT_LOC_STRINGS = YES;
				SWIFT_VERSION = 5.0;
			};
			name = Debug;
		};
		93B28324294AEDD200364206 /* Release */ = {
			isa = XCBuildConfiguration;
			buildSettings = {
				ALWAYS_EMBED_SWIFT_STANDARD_LIBRARIES = YES;
				ASSETCATALOG_COMPILER_APPICON_NAME = AppIcon;
				ASSETCATALOG_COMPILER_GLOBAL_ACCENT_COLOR_NAME = AccentColor;
				CODE_SIGN_ENTITLEMENTS = EditKitPro/EditKitPro.entitlements;
				CODE_SIGN_STYLE = Automatic;
				COMBINE_HIDPI_IMAGES = YES;
				CURRENT_PROJECT_VERSION = 1;
				DEVELOPMENT_ASSET_PATHS = "\"EditKitPro/Preview Content\"";
				DEVELOPMENT_TEAM = W735WRNN72;
				ENABLE_HARDENED_RUNTIME = YES;
				ENABLE_PREVIEWS = YES;
				GENERATE_INFOPLIST_FILE = YES;
				INFOPLIST_KEY_LSApplicationCategoryType = "public.app-category.developer-tools";
				INFOPLIST_KEY_NSHumanReadableCopyright = "";
				LD_RUNPATH_SEARCH_PATHS = (
					"$(inherited)",
					"@executable_path/../Frameworks",
				);
				MARKETING_VERSION = 1.0;
				PRODUCT_BUNDLE_IDENTIFIER = com.AryamanSharda.EditKitPro;
				PRODUCT_NAME = "$(TARGET_NAME)";
				SWIFT_EMIT_LOC_STRINGS = YES;
				SWIFT_VERSION = 5.0;
			};
			name = Release;
		};
		93B28326294AEDD200364206 /* Debug */ = {
			isa = XCBuildConfiguration;
			buildSettings = {
				ALWAYS_EMBED_SWIFT_STANDARD_LIBRARIES = YES;
				BUNDLE_LOADER = "$(TEST_HOST)";
				CODE_SIGN_STYLE = Automatic;
				CURRENT_PROJECT_VERSION = 1;
				DEVELOPMENT_TEAM = W735WRNN72;
				GENERATE_INFOPLIST_FILE = YES;
				MACOSX_DEPLOYMENT_TARGET = 12.6;
				MARKETING_VERSION = 1.0;
				PRODUCT_BUNDLE_IDENTIFIER = com.AryamanSharda.EditKitProTests;
				PRODUCT_NAME = "$(TARGET_NAME)";
				SWIFT_EMIT_LOC_STRINGS = NO;
				SWIFT_VERSION = 5.0;
				TEST_HOST = "$(BUILT_PRODUCTS_DIR)/EditKitPro.app/$(BUNDLE_EXECUTABLE_FOLDER_PATH)/EditKitPro";
			};
			name = Debug;
		};
		93B28327294AEDD200364206 /* Release */ = {
			isa = XCBuildConfiguration;
			buildSettings = {
				ALWAYS_EMBED_SWIFT_STANDARD_LIBRARIES = YES;
				BUNDLE_LOADER = "$(TEST_HOST)";
				CODE_SIGN_STYLE = Automatic;
				CURRENT_PROJECT_VERSION = 1;
				DEVELOPMENT_TEAM = W735WRNN72;
				GENERATE_INFOPLIST_FILE = YES;
				MACOSX_DEPLOYMENT_TARGET = 12.6;
				MARKETING_VERSION = 1.0;
				PRODUCT_BUNDLE_IDENTIFIER = com.AryamanSharda.EditKitProTests;
				PRODUCT_NAME = "$(TARGET_NAME)";
				SWIFT_EMIT_LOC_STRINGS = NO;
				SWIFT_VERSION = 5.0;
				TEST_HOST = "$(BUILT_PRODUCTS_DIR)/EditKitPro.app/$(BUNDLE_EXECUTABLE_FOLDER_PATH)/EditKitPro";
			};
			name = Release;
		};
		93B28329294AEDD200364206 /* Debug */ = {
			isa = XCBuildConfiguration;
			buildSettings = {
				ALWAYS_EMBED_SWIFT_STANDARD_LIBRARIES = YES;
				CODE_SIGN_STYLE = Automatic;
				CURRENT_PROJECT_VERSION = 1;
				DEVELOPMENT_TEAM = W735WRNN72;
				GENERATE_INFOPLIST_FILE = YES;
				MARKETING_VERSION = 1.0;
				PRODUCT_BUNDLE_IDENTIFIER = com.AryamanSharda.EditKitProUITests;
				PRODUCT_NAME = "$(TARGET_NAME)";
				SWIFT_EMIT_LOC_STRINGS = NO;
				SWIFT_VERSION = 5.0;
				TEST_TARGET_NAME = EditKitPro;
			};
			name = Debug;
		};
		93B2832A294AEDD200364206 /* Release */ = {
			isa = XCBuildConfiguration;
			buildSettings = {
				ALWAYS_EMBED_SWIFT_STANDARD_LIBRARIES = YES;
				CODE_SIGN_STYLE = Automatic;
				CURRENT_PROJECT_VERSION = 1;
				DEVELOPMENT_TEAM = W735WRNN72;
				GENERATE_INFOPLIST_FILE = YES;
				MARKETING_VERSION = 1.0;
				PRODUCT_BUNDLE_IDENTIFIER = com.AryamanSharda.EditKitProUITests;
				PRODUCT_NAME = "$(TARGET_NAME)";
				SWIFT_EMIT_LOC_STRINGS = NO;
				SWIFT_VERSION = 5.0;
				TEST_TARGET_NAME = EditKitPro;
			};
			name = Release;
		};
		93B28340294AEDDD00364206 /* Debug */ = {
			isa = XCBuildConfiguration;
			buildSettings = {
				CODE_SIGN_ENTITLEMENTS = EditKit/EditKit.entitlements;
				CODE_SIGN_STYLE = Automatic;
				COMBINE_HIDPI_IMAGES = YES;
				CURRENT_PROJECT_VERSION = 1;
				DEVELOPMENT_TEAM = W735WRNN72;
				ENABLE_HARDENED_RUNTIME = YES;
				GENERATE_INFOPLIST_FILE = YES;
				INFOPLIST_FILE = EditKit/Info.plist;
				INFOPLIST_KEY_CFBundleDisplayName = EditKit;
				INFOPLIST_KEY_LSApplicationCategoryType = "public.app-category.developer-tools";
				INFOPLIST_KEY_NSHumanReadableCopyright = "";
				LD_RUNPATH_SEARCH_PATHS = (
					"$(inherited)",
					"@executable_path/../Frameworks",
					"@executable_path/../../../../Frameworks",
				);
				MARKETING_VERSION = 1.0;
				PRODUCT_BUNDLE_IDENTIFIER = com.AryamanSharda.EditKitPro.EditKit;
				PRODUCT_NAME = "$(TARGET_NAME)";
				SKIP_INSTALL = YES;
				SWIFT_EMIT_LOC_STRINGS = YES;
				SWIFT_VERSION = 5.0;
			};
			name = Debug;
		};
		93B28341294AEDDD00364206 /* Release */ = {
			isa = XCBuildConfiguration;
			buildSettings = {
				CODE_SIGN_ENTITLEMENTS = EditKit/EditKit.entitlements;
				CODE_SIGN_STYLE = Automatic;
				COMBINE_HIDPI_IMAGES = YES;
				CURRENT_PROJECT_VERSION = 1;
				DEVELOPMENT_TEAM = W735WRNN72;
				ENABLE_HARDENED_RUNTIME = YES;
				GENERATE_INFOPLIST_FILE = YES;
				INFOPLIST_FILE = EditKit/Info.plist;
				INFOPLIST_KEY_CFBundleDisplayName = EditKit;
				INFOPLIST_KEY_LSApplicationCategoryType = "public.app-category.developer-tools";
				INFOPLIST_KEY_NSHumanReadableCopyright = "";
				LD_RUNPATH_SEARCH_PATHS = (
					"$(inherited)",
					"@executable_path/../Frameworks",
					"@executable_path/../../../../Frameworks",
				);
				MARKETING_VERSION = 1.0;
				PRODUCT_BUNDLE_IDENTIFIER = com.AryamanSharda.EditKitPro.EditKit;
				PRODUCT_NAME = "$(TARGET_NAME)";
				SKIP_INSTALL = YES;
				SWIFT_EMIT_LOC_STRINGS = YES;
				SWIFT_VERSION = 5.0;
			};
			name = Release;
		};
/* End XCBuildConfiguration section */

/* Begin XCConfigurationList section */
		93B282F8294AEDD200364206 /* Build configuration list for PBXProject "EditKitPro" */ = {
			isa = XCConfigurationList;
			buildConfigurations = (
				93B28320294AEDD200364206 /* Debug */,
				93B28321294AEDD200364206 /* Release */,
			);
			defaultConfigurationIsVisible = 0;
			defaultConfigurationName = Release;
		};
		93B28322294AEDD200364206 /* Build configuration list for PBXNativeTarget "EditKitPro" */ = {
			isa = XCConfigurationList;
			buildConfigurations = (
				93B28323294AEDD200364206 /* Debug */,
				93B28324294AEDD200364206 /* Release */,
			);
			defaultConfigurationIsVisible = 0;
			defaultConfigurationName = Release;
		};
		93B28325294AEDD200364206 /* Build configuration list for PBXNativeTarget "EditKitProTests" */ = {
			isa = XCConfigurationList;
			buildConfigurations = (
				93B28326294AEDD200364206 /* Debug */,
				93B28327294AEDD200364206 /* Release */,
			);
			defaultConfigurationIsVisible = 0;
			defaultConfigurationName = Release;
		};
		93B28328294AEDD200364206 /* Build configuration list for PBXNativeTarget "EditKitProUITests" */ = {
			isa = XCConfigurationList;
			buildConfigurations = (
				93B28329294AEDD200364206 /* Debug */,
				93B2832A294AEDD200364206 /* Release */,
			);
			defaultConfigurationIsVisible = 0;
			defaultConfigurationName = Release;
		};
		93B2833F294AEDDD00364206 /* Build configuration list for PBXNativeTarget "EditKit" */ = {
			isa = XCConfigurationList;
			buildConfigurations = (
				93B28340294AEDDD00364206 /* Debug */,
				93B28341294AEDDD00364206 /* Release */,
			);
			defaultConfigurationIsVisible = 0;
			defaultConfigurationName = Release;
		};
/* End XCConfigurationList section */
	};
	rootObject = 93B282F5294AEDD200364206 /* Project object */;
}
